# This file is autogenerated, do not edit; changes may be undone by the next 'dep ensure'.


[[projects]]
  name = "github.com/clbanning/mxj"
  packages = ["."]
  revision = "1f00e0bf9bacd7ea9c93d27594d1d1f5a41bac36"
  version = "v1.8"

[solve-meta]
  analyzer-name = "dep"
  analyzer-version = 1
  inputs-digest = "d68dd810071bd17960caef82cd0b6d75d4629febe0717c14e432e75d93952b72"
  solver-name = "gps-cdcl"
  solver-version = 1
